
Microsoft Visual Studio Solution File, Format Version 12.00
# Visual Studio Version 16
VisualStudioVersion = 16.0.30804.86
MinimumVisualStudioVersion = 10.0.40219.1
Project("{FAE04EC0-301F-11D3-BF4B-00C04F79EFBC}") = "ChatClient", "ChatClient.csproj", "{0E603DBA-73C1-445F-812A-B3EC33CF5430}"
EndProject
Global
	GlobalSection(SolutionConfigurationPlatforms) = preSolution
		Debug|Any CPU = Debug|Any CPU
		Release|Any CPU = Release|Any CPU
	EndGlobalSection
	GlobalSection(ProjectConfigurationPlatforms) = postSolution
		{0E603DBA-73C1-445F-812A-B3EC33CF5430}.Debug|Any CPU.ActiveCfg = Debug|Any CPU
		{0E603DBA-73C1-445F-812A-B3EC33CF5430}.Debug|Any CPU.Build.0 = Debug|Any CPU
		{0E603DBA-73C1-445F-812A-B3EC33CF5430}.Release|Any CPU.ActiveCfg = Release|Any CPU
		{0E603DBA-73C1-445F-812A-B3EC33CF5430}.Release|Any CPU.Build.0 = Release|Any CPU
	EndGlobalSection
	GlobalSection(SolutionProperties) = preSolution
		HideSolutionNode = FALSE
	EndGlobalSection
	GlobalSection(ExtensibilityGlobals) = postSolution
		SolutionGuid = {AD88756D-6B7B-4FD0-869A-4726BA169BA7}
	EndGlobalSection
EndGlobal
